{
  "name": "native",
  "version": "0.0.0",
  "lockfileVersion": 2,
  "requires": true,
  "packages": {
    "": {
      "name": "native",
      "version": "0.0.0",
      "dependencies": {
        "@custom-bits/boilerplate": "file:../../packages/boilerplate/"
      }
    },
    "../../packages/boilerplate": {
      "version": "0.0.0"
    },
    "../../packages/boilerplate/native": {
      "name": "@custom-bits/boilerplate",
      "version": "0.0.0",
      "extraneous": true
    },
    "node_modules/@custom-bits/boilerplate": {
      "resolved": "../../packages/boilerplate",
      "link": true
    }
  },
  "dependencies": {
    "@custom-bits/boilerplate": {
      "version": "file:../../packages/boilerplate"
    }
  }
}
